
Microsoft Visual Studio Solution File, Format Version 12.00
# Visual Studio Version 16
VisualStudioVersion = 16.0.29001.49
MinimumVisualStudioVersion = 10.0.40219.1
Project("{FAE04EC0-301F-11D3-BF4B-00C04F79EFBC}") = "ejercicio 1", "ejercicio 1\ejercicio 1.csproj", "{B8F91019-AF83-49DF-912C-5F50A5E47D4A}"
EndProject
Global
	GlobalSection(SolutionConfigurationPlatforms) = preSolution
		Debug|Any CPU = Debug|Any CPU
		Release|Any CPU = Release|Any CPU
	EndGlobalSection
	GlobalSection(ProjectConfigurationPlatforms) = postSolution
		{B8F91019-AF83-49DF-912C-5F50A5E47D4A}.Debug|Any CPU.ActiveCfg = Debug|Any CPU
		{B8F91019-AF83-49DF-912C-5F50A5E47D4A}.Debug|Any CPU.Build.0 = Debug|Any CPU
		{B8F91019-AF83-49DF-912C-5F50A5E47D4A}.Release|Any CPU.ActiveCfg = Release|Any CPU
		{B8F91019-AF83-49DF-912C-5F50A5E47D4A}.Release|Any CPU.Build.0 = Release|Any CPU
	EndGlobalSection
	GlobalSection(SolutionProperties) = preSolution
		HideSolutionNode = FALSE
	EndGlobalSection
	GlobalSection(ExtensibilityGlobals) = postSolution
		SolutionGuid = {4A7FFBBE-FA90-4DC9-B880-7D4E0A279B3D}
	EndGlobalSection
EndGlobal
